// !$*UTF8*$!
{
	archiveVersion = 1;
	classes = {
	};
	objectVersion = 46;
	objects = {

/* Begin PBXBuildFile section */
		2D3B291C1A41F7D800B8E2BB /* AppDelegate.swift in Sources */ = {isa = PBXBuildFile; fileRef = 2D3B291B1A41F7D800B8E2BB /* AppDelegate.swift */; };
		2D3B291E1A41F7D800B8E2BB /* ViewController.swift in Sources */ = {isa = PBXBuildFile; fileRef = 2D3B291D1A41F7D800B8E2BB /* ViewController.swift */; };
		2D3B29211A41F7D800B8E2BB /* Main.storyboard in Resources */ = {isa = PBXBuildFile; fileRef = 2D3B291F1A41F7D800B8E2BB /* Main.storyboard */; };
		2D3B29231A41F7D800B8E2BB /* Images.xcassets in Resources */ = {isa = PBXBuildFile; fileRef = 2D3B29221A41F7D800B8E2BB /* Images.xcassets */; };
		2D3B29261A41F7D800B8E2BB /* LaunchScreen.xib in Resources */ = {isa = PBXBuildFile; fileRef = 2D3B29241A41F7D800B8E2BB /* LaunchScreen.xib */; };
		2D3B29321A41F7D900B8E2BB /* LoginProjectTests.swift in Sources */ = {isa = PBXBuildFile; fileRef = 2D3B29311A41F7D900B8E2BB /* LoginProjectTests.swift */; };
/* End PBXBuildFile section */

/* Begin PBXContainerItemProxy section */
		2D3B292C1A41F7D900B8E2BB /* PBXContainerItemProxy */ = {
			isa = PBXContainerItemProxy;
			containerPortal = 2D3B290E1A41F7D800B8E2BB /* Project object */;
			proxyType = 1;
			remoteGlobalIDString = 2D3B29151A41F7D800B8E2BB;
			remoteInfo = LoginProject;
		};
/* End PBXContainerItemProxy section */

/* Begin PBXFileReference section */
		2D3B29161A41F7D800B8E2BB /* LoginProject.app */ = {isa = PBXFileReference; explicitFileType = wrapper.application; includeInIndex = 0; path = LoginProject.app; sourceTree = BUILT_PRODUCTS_DIR; };
		2D3B291A1A41F7D800B8E2BB /* Info.plist */ = {isa = PBXFileReference; lastKnownFileType = text.plist.xml; path = Info.plist; sourceTree = "<group>"; };
		2D3B291B1A41F7D800B8E2BB /* AppDelegate.swift */ = {isa = PBXFileReference; lastKnownFileType = sourcecode.swift; path = AppDelegate.swift; sourceTree = "<group>"; };
		2D3B291D1A41F7D800B8E2BB /* ViewController.swift */ = {isa = PBXFileReference; lastKnownFileType = sourcecode.swift; path = ViewController.swift; sourceTree = "<group>"; };
		2D3B29201A41F7D800B8E2BB /* Base */ = {isa = PBXFileReference; lastKnownFileType = file.storyboard; name = Base; path = Base.lproj/Main.storyboard; sourceTree = "<group>"; };
		2D3B29221A41F7D800B8E2BB /* Images.xcassets */ = {isa = PBXFileReference; lastKnownFileType = folder.assetcatalog; path = Images.xcassets; sourceTree = "<group>"; };
		2D3B29251A41F7D800B8E2BB /* Base */ = {isa = PBXFileReference; lastKnownFileType = file.xib; name = Base; path = Base.lproj/LaunchScreen.xib; sourceTree = "<group>"; };
		2D3B292B1A41F7D900B8E2BB /* LoginProjectTests.xctest */ = {isa = PBXFileReference; explicitFileType = wrapper.cfbundle; includeInIndex = 0; path = LoginProjectTests.xctest; sourceTree = BUILT_PRODUCTS_DIR; };
		2D3B29301A41F7D900B8E2BB /* Info.plist */ = {isa = PBXFileReference; lastKnownFileType = text.plist.xml; path = Info.plist; sourceTree = "<group>"; };
		2D3B29311A41F7D900B8E2BB /* LoginProjectTests.swift */ = {isa = PBXFileReference; lastKnownFileType = sourcecode.swift; path = LoginProjectTests.swift; sourceTree = "<group>"; };
/* End PBXFileReference section */

/* Begin PBXFrameworksBuildPhase section */
		2D3B29131A41F7D800B8E2BB /* Frameworks */ = {
			isa = PBXFrameworksBuildPhase;
			buildActionMask = 2147483647;
			files = (
			);
			runOnlyForDeploymentPostprocessing = 0;
		};
		2D3B29281A41F7D900B8E2BB /* Frameworks */ = {
			isa = PBXFrameworksBuildPhase;
			buildActionMask = 2147483647;
			files = (
			);
			runOnlyForDeploymentPostprocessing = 0;
		};
/* End PBXFrameworksBuildPhase section */

/* Begin PBXGroup section */
		2D3B290D1A41F7D800B8E2BB = {
			isa = PBXGroup;
			children = (
				2D3B29181A41F7D800B8E2BB /* LoginProject */,
				2D3B292E1A41F7D900B8E2BB /* LoginProjectTests */,
				2D3B29171A41F7D800B8E2BB /* Products */,
			);
			sourceTree = "<group>";
		};
		2D3B29171A41F7D800B8E2BB /* Products */ = {
			isa = PBXGroup;
			children = (
				2D3B29161A41F7D800B8E2BB /* LoginProject.app */,
				2D3B292B1A41F7D900B8E2BB /* LoginProjectTests.xctest */,
			);
			name = Products;
			sourceTree = "<group>";
		};
		2D3B29181A41F7D800B8E2BB /* LoginProject */ = {
			isa = PBXGroup;
			children = (
				2D3B291B1A41F7D800B8E2BB /* AppDelegate.swift */,
				2D3B291D1A41F7D800B8E2BB /* ViewController.swift */,
				2D3B291F1A41F7D800B8E2BB /* Main.storyboard */,
				2D3B29221A41F7D800B8E2BB /* Images.xcassets */,
				2D3B29241A41F7D800B8E2BB /* LaunchScreen.xib */,
				2D3B29191A41F7D800B8E2BB /* Supporting Files */,
			);
			path = LoginProject;
			sourceTree = "<group>";
		};
		2D3B29191A41F7D800B8E2BB /* Supporting Files */ = {
			isa = PBXGroup;
			children = (
				2D3B291A1A41F7D800B8E2BB /* Info.plist */,
			);
			name = "Supporting Files";
			sourceTree = "<group>";
		};
		2D3B292E1A41F7D900B8E2BB /* LoginProjectTests */ = {
			isa = PBXGroup;
			children = (
				2D3B29311A41F7D900B8E2BB /* LoginProjectTests.swift */,
				2D3B292F1A41F7D900B8E2BB /* Supporting Files */,
			);
			path = LoginProjectTests;
			sourceTree = "<group>";
		};
		2D3B292F1A41F7D900B8E2BB /* Supporting Files */ = {
			isa = PBXGroup;
			children = (
				2D3B29301A41F7D900B8E2BB /* Info.plist */,
			);
			name = "Supporting Files";
			sourceTree = "<group>";
		};
/* End PBXGroup section */

/* Begin PBXNativeTarget section */
		2D3B29151A41F7D800B8E2BB /* LoginProject */ = {
			isa = PBXNativeTarget;
			buildConfigurationList = 2D3B29351A41F7D900B8E2BB /* Build configuration list for PBXNativeTarget "LoginProject" */;
			buildPhases = (
				2D3B29121A41F7D800B8E2BB /* Sources */,
				2D3B29131A41F7D800B8E2BB /* Frameworks */,
				2D3B29141A41F7D800B8E2BB /* Resources */,
			);
			buildRules = (
			);
			dependencies = (
			);
			name = LoginProject;
			productName = LoginProject;
			productReference = 2D3B29161A41F7D800B8E2BB /* LoginProject.app */;
			productType = "com.apple.product-type.application";
		};
		2D3B292A1A41F7D900B8E2BB /* LoginProjectTests */ = {
			isa = PBXNativeTarget;
			buildConfigurationList = 2D3B29381A41F7D900B8E2BB /* Build configuration list for PBXNativeTarget "LoginProjectTests" */;
			buildPhases = (
				2D3B29271A41F7D900B8E2BB /* Sources */,
				2D3B29281A41F7D900B8E2BB /* Frameworks */,
				2D3B29291A41F7D900B8E2BB /* Resources */,
			);
			buildRules = (
			);
			dependencies = (
				2D3B292D1A41F7D900B8E2BB /* PBXTargetDependency */,
			);
			name = LoginProjectTests;
			productName = LoginProjectTests;
			productReference = 2D3B292B1A41F7D900B8E2BB /* LoginProjectTests.xctest */;
			productType = "com.apple.product-type.bundle.unit-test";
		};
/* End PBXNativeTarget section */

/* Begin PBXProject section */
		2D3B290E1A41F7D800B8E2BB /* Project object */ = {
			isa = PBXProject;
			attributes = {
				LastUpgradeCheck = 0610;
				ORGANIZATIONNAME = "Michael Renninger";
				TargetAttributes = {
					2D3B29151A41F7D800B8E2BB = {
						CreatedOnToolsVersion = 6.1;
					};
					2D3B292A1A41F7D900B8E2BB = {
						CreatedOnToolsVersion = 6.1;
						TestTargetID = 2D3B29151A41F7D800B8E2BB;
					};
				};
			};
			buildConfigurationList = 2D3B29111A41F7D800B8E2BB /* Build configuration list for PBXProject "LoginProject" */;
			compatibilityVersion = "Xcode 3.2";
			developmentRegion = English;
			hasScannedForEncodings = 0;
			knownRegions = (
				en,
				Base,
			);
			mainGroup = 2D3B290D1A41F7D800B8E2BB;
			productRefGroup = 2D3B29171A41F7D800B8E2BB /* Products */;
			projectDirPath = "";
			projectRoot = "";
			targets = (
				2D3B29151A41F7D800B8E2BB /* LoginProject */,
				2D3B292A1A41F7D900B8E2BB /* LoginProjectTests */,
			);
		};
/* End PBXProject section */

/* Begin PBXResourcesBuildPhase section */
		2D3B29141A41F7D800B8E2BB /* Resources */ = {
			isa = PBXResourcesBuildPhase;
			buildActionMask = 2147483647;
			files = (
				2D3B29211A41F7D800B8E2BB /* Main.storyboard in Resources */,
				2D3B29261A41F7D800B8E2BB /* LaunchScreen.xib in Resources */,
				2D3B29231A41F7D800B8E2BB /* Images.xcassets in Resources */,
			);
			runOnlyForDeploymentPostprocessing = 0;
		};
		2D3B29291A41F7D900B8E2BB /* Resources */ = {
			isa = PBXResourcesBuildPhase;
			buildActionMask = 2147483647;
			files = (
			);
			runOnlyForDeploymentPostprocessing = 0;
		};
/* End PBXResourcesBuildPhase section */

/* Begin PBXSourcesBuildPhase section */
		2D3B29121A41F7D800B8E2BB /* Sources */ = {
			isa = PBXSourcesBuildPhase;
			buildActionMask = 2147483647;
			files = (
				2D3B291E1A41F7D800B8E2BB /* ViewController.swift in Sources */,
				2D3B291C1A41F7D800B8E2BB /* AppDelegate.swift in Sources */,
			);
			runOnlyForDeploymentPostprocessing = 0;
		};
		2D3B29271A41F7D900B8E2BB /* Sources */ = {
			isa = PBXSourcesBuildPhase;
			buildActionMask = 2147483647;
			files = (
				2D3B29321A41F7D900B8E2BB /* LoginProjectTests.swift in Sources */,
			);
			runOnlyForDeploymentPostprocessing = 0;
		};
/* End PBXSourcesBuildPhase section */

/* Begin PBXTargetDependency section */
		2D3B292D1A41F7D900B8E2BB /* PBXTargetDependency */ = {
			isa = PBXTargetDependency;
			target = 2D3B29151A41F7D800B8E2BB /* LoginProject */;
			targetProxy = 2D3B292C1A41F7D900B8E2BB /* PBXContainerItemProxy */;
		};
/* End PBXTargetDependency section */

/* Begin PBXVariantGroup section */
		2D3B291F1A41F7D800B8E2BB /* Main.storyboard */ = {
			isa = PBXVariantGroup;
			children = (
				2D3B29201A41F7D800B8E2BB /* Base */,
			);
			name = Main.storyboard;
			sourceTree = "<group>";
		};
		2D3B29241A41F7D800B8E2BB /* LaunchScreen.xib */ = {
			isa = PBXVariantGroup;
			children = (
				2D3B29251A41F7D800B8E2BB /* Base */,
			);
			name = LaunchScreen.xib;
			sourceTree = "<group>";
		};
/* End PBXVariantGroup section */

/* Begin XCBuildConfiguration section */
		2D3B29331A41F7D900B8E2BB /* Debug */ = {
			isa = XCBuildConfiguration;
			buildSettings = {
				ALWAYS_SEARCH_USER_PATHS = NO;
				CLANG_CXX_LANGUAGE_STANDARD = "gnu++0x";
				CLANG_CXX_LIBRARY = "libc++";
				CLANG_ENABLE_MODULES = YES;
				CLANG_ENABLE_OBJC_ARC = YES;
				CLANG_WARN_BOOL_CONVERSION = YES;
				CLANG_WARN_CONSTANT_CONVERSION = YES;
				CLANG_WARN_DIRECT_OBJC_ISA_USAGE = YES_ERROR;
				CLANG_WARN_EMPTY_BODY = YES;
				CLANG_WARN_ENUM_CONVERSION = YES;
				CLANG_WARN_INT_CONVERSION = YES;
				CLANG_WARN_OBJC_ROOT_CLASS = YES_ERROR;
				CLANG_WARN_UNREACHABLE_CODE = YES;
				CLANG_WARN__DUPLICATE_METHOD_MATCH = YES;
				"CODE_SIGN_IDENTITY[sdk=iphoneos*]" = "iPhone Developer";
				COPY_PHASE_STRIP = NO;
				ENABLE_STRICT_OBJC_MSGSEND = YES;
				GCC_C_LANGUAGE_STANDARD = gnu99;
				GCC_DYNAMIC_NO_PIC = NO;
				GCC_OPTIMIZATION_LEVEL = 0;
				GCC_PREPROCESSOR_DEFINITIONS = (
					"DEBUG=1",
					"$(inherited)",
				);
				GCC_SYMBOLS_PRIVATE_EXTERN = NO;
				GCC_WARN_64_TO_32_BIT_CONVERSION = YES;
				GCC_WARN_ABOUT_RETURN_TYPE = YES_ERROR;
				GCC_WARN_UNDECLARED_SELECTOR = YES;
				GCC_WARN_UNINITIALIZED_AUTOS = YES_AGGRESSIVE;
				GCC_WARN_UNUSED_FUNCTION = YES;
				GCC_WARN_UNUSED_VARIABLE = YES;
				IPHONEOS_DEPLOYMENT_TARGET = 8.1;
				MTL_ENABLE_DEBUG_INFO = YES;
				ONLY_ACTIVE_ARCH = YES;
				SDKROOT = iphoneos;
				SWIFT_OPTIMIZATION_LEVEL = "-Onone";
				TARGETED_DEVICE_FAMILY = "1,2";
			};
			name = Debug;
		};
		2D3B29341A41F7D900B8E2BB /* Release */ = {
			isa = XCBuildConfiguration;
			buildSettings = {
				ALWAYS_SEARCH_USER_PATHS = NO;
				CLANG_CXX_LANGUAGE_STANDARD = "gnu++0x";
				CLANG_CXX_LIBRARY = "libc++";
				CLANG_ENABLE_MODULES = YES;
				CLANG_ENABLE_OBJC_ARC = YES;
				CLANG_WARN_BOOL_CONVERSION = YES;
				CLANG_WARN_CONSTANT_CONVERSION = YES;
				CLANG_WARN_DIRECT_OBJC_ISA_USAGE = YES_ERROR;
				CLANG_WARN_EMPTY_BODY = YES;
				CLANG_WARN_ENUM_CONVERSION = YES;
				CLANG_WARN_INT_CONVERSION = YES;
				CLANG_WARN_OBJC_ROOT_CLASS = YES_ERROR;
				CLANG_WARN_UNREACHABLE_CODE = YES;
				CLANG_WARN__DUPLICATE_METHOD_MATCH = YES;
				"CODE_SIGN_IDENTITY[sdk=iphoneos*]" = "iPhone Developer";
				COPY_PHASE_STRIP = YES;
				ENABLE_NS_ASSERTIONS = NO;
				ENABLE_STRICT_OBJC_MSGSEND = YES;
				GCC_C_LANGUAGE_STANDARD = gnu99;
				GCC_WARN_64_TO_32_BIT_CONVERSION = YES;
				GCC_WARN_ABOUT_RETURN_TYPE = YES_ERROR;
				GCC_WARN_UNDECLARED_SELECTOR = YES;
				GCC_WARN_UNINITIALIZED_AUTOS = YES_AGGRESSIVE;
				GCC_WARN_UNUSED_FUNCTION = YES;
				GCC_WARN_UNUSED_VARIABLE = YES;
				IPHONEOS_DEPLOYMENT_TARGET = 8.1;
				MTL_ENABLE_DEBUG_INFO = NO;
				SDKROOT = iphoneos;
				TARGETED_DEVICE_FAMILY = "1,2";
				VALIDATE_PRODUCT = YES;
			};
			name = Release;
		};
		2D3B29361A41F7D900B8E2BB /* Debug */ = {
			isa = XCBuildConfiguration;
			buildSettings = {
				ASSETCATALOG_COMPILER_APPICON_NAME = AppIcon;
				INFOPLIST_FILE = LoginProject/Info.plist;
				LD_RUNPATH_SEARCH_PATHS = "$(inherited) @executable_path/Frameworks";
				PRODUCT_NAME = "$(TARGET_NAME)";
			};
			name = Debug;
		};
		2D3B29371A41F7D900B8E2BB /* Release */ = {
			isa = XCBuildConfiguration;
			buildSettings = {
				ASSETCATALOG_COMPILER_APPICON_NAME = AppIcon;
				INFOPLIST_FILE = LoginProject/Info.plist;
				LD_RUNPATH_SEARCH_PATHS = "$(inherited) @executable_path/Frameworks";
				PRODUCT_NAME = "$(TARGET_NAME)";
			};
			name = Release;
		};
		2D3B29391A41F7D900B8E2BB /* Debug */ = {
			isa = XCBuildConfiguration;
			buildSettings = {
				BUNDLE_LOADER = "$(TEST_HOST)";
				FRAMEWORK_SEARCH_PATHS = (
					"$(SDKROOT)/Developer/Library/Frameworks",
					"$(inherited)",
				);
				GCC_PREPROCESSOR_DEFINITIONS = (
					"DEBUG=1",
					"$(inherited)",
				);
				INFOPLIST_FILE = LoginProjectTests/Info.plist;
				LD_RUNPATH_SEARCH_PATHS = "$(inherited) @executable_path/Frameworks @loader_path/Frameworks";
				PRODUCT_NAME = "$(TARGET_NAME)";
				TEST_HOST = "$(BUILT_PRODUCTS_DIR)/LoginProject.app/LoginProject";
			};
			name = Debug;
		};
		2D3B293A1A41F7D900B8E2BB /* Release */ = {
			isa = XCBuildConfiguration;
			buildSettings = {
				BUNDLE_LOADER = "$(TEST_HOST)";
				FRAMEWORK_SEARCH_PATHS = (
					"$(SDKROOT)/Developer/Library/Frameworks",
					"$(inherited)",
				);
				INFOPLIST_FILE = LoginProjectTests/Info.plist;
				LD_RUNPATH_SEARCH_PATHS = "$(inherited) @executable_path/Frameworks @loader_path/Frameworks";
				PRODUCT_NAME = "$(TARGET_NAME)";
				TEST_HOST = "$(BUILT_PRODUCTS_DIR)/LoginProject.app/LoginProject";
			};
			name = Release;
		};
/* End XCBuildConfiguration section */

/* Begin XCConfigurationList section */
		2D3B29111A41F7D800B8E2BB /* Build configuration list for PBXProject "LoginProject" */ = {
			isa = XCConfigurationList;
			buildConfigurations = (
				2D3B29331A41F7D900B8E2BB /* Debug */,
				2D3B29341A41F7D900B8E2BB /* Release */,
			);
			defaultConfigurationIsVisible = 0;
			defaultConfigurationName = Release;
		};
		2D3B29351A41F7D900B8E2BB /* Build configuration list for PBXNativeTarget "LoginProject" */ = {
			isa = XCConfigurationList;
			buildConfigurations = (
				2D3B29361A41F7D900B8E2BB /* Debug */,
				2D3B29371A41F7D900B8E2BB /* Release */,
			);
			defaultConfigurationIsVisible = 0;
		};
		2D3B29381A41F7D900B8E2BB /* Build configuration list for PBXNativeTarget "LoginProjectTests" */ = {
			isa = XCConfigurationList;
			buildConfigurations = (
				2D3B29391A41F7D900B8E2BB /* Debug */,
				2D3B293A1A41F7D900B8E2BB /* Release */,
			);
			defaultConfigurationIsVisible = 0;
		};
/* End XCConfigurationList section */
	};
	rootObject = 2D3B290E1A41F7D800B8E2BB /* Project object */;
}
